// !$*UTF8*$!
{
	archiveVersion = 1;
	classes = {
	};
	objectVersion = 50;
	objects = {

/* Begin PBXBuildFile section */
		81105C412430A94B001D671A /* WordsMeaningViewModel.swift in Sources */ = {isa = PBXBuildFile; fileRef = 81105C402430A94B001D671A /* WordsMeaningViewModel.swift */; };
		8141F599243062EF00F9B061 /* IdentifiableExtensions.swift in Sources */ = {isa = PBXBuildFile; fileRef = 8141F598243062EF00F9B061 /* IdentifiableExtensions.swift */; };
		8141F59C2430631A00F9B061 /* SearchBarView.swift in Sources */ = {isa = PBXBuildFile; fileRef = 8141F59B2430631A00F9B061 /* SearchBarView.swift */; };
		8141F59F243063E800F9B061 /* PosibleTranslation.swift in Sources */ = {isa = PBXBuildFile; fileRef = 8141F59E243063E800F9B061 /* PosibleTranslation.swift */; };
		8141F5A12430641300F9B061 /* Meaning.swift in Sources */ = {isa = PBXBuildFile; fileRef = 8141F5A02430641300F9B061 /* Meaning.swift */; };
		8141F5A32430642200F9B061 /* MeaningTranslation.swift in Sources */ = {isa = PBXBuildFile; fileRef = 8141F5A22430642200F9B061 /* MeaningTranslation.swift */; };
		8141F5A92430661E00F9B061 /* NetworkError.swift in Sources */ = {isa = PBXBuildFile; fileRef = 8141F5A82430661E00F9B061 /* NetworkError.swift */; };
		8141F5AB243079FD00F9B061 /* SearchWordsViewModel.swift in Sources */ = {isa = PBXBuildFile; fileRef = 8141F5AA243079FD00F9B061 /* SearchWordsViewModel.swift */; };
		8141F5B024307EA800F9B061 /* JSONEncodable.swift in Sources */ = {isa = PBXBuildFile; fileRef = 8141F5AF24307EA800F9B061 /* JSONEncodable.swift */; };
		8141F5B224307F8D00F9B061 /* SkyengAPI.swift in Sources */ = {isa = PBXBuildFile; fileRef = 8141F5B124307F8D00F9B061 /* SkyengAPI.swift */; };
		8141F5B42430873200F9B061 /* ActivitiyIndicator.swift in Sources */ = {isa = PBXBuildFile; fileRef = 8141F5B32430873200F9B061 /* ActivitiyIndicator.swift */; };
		8141F5B62430874C00F9B061 /* ImageView.swift in Sources */ = {isa = PBXBuildFile; fileRef = 8141F5B52430874C00F9B061 /* ImageView.swift */; };
		8141F5B82430879000F9B061 /* LazyView.swift in Sources */ = {isa = PBXBuildFile; fileRef = 8141F5B72430879000F9B061 /* LazyView.swift */; };
		8141F5BB2430886C00F9B061 /* SearchWordsCell.swift in Sources */ = {isa = PBXBuildFile; fileRef = 8141F5BA2430886C00F9B061 /* SearchWordsCell.swift */; };
		8141F5BD24308AB700F9B061 /* RandomAccessCollectionExtsions.swift in Sources */ = {isa = PBXBuildFile; fileRef = 8141F5BC24308AB700F9B061 /* RandomAccessCollectionExtsions.swift */; };
		8141F5C02430908500F9B061 /* WordsMeaningView.swift in Sources */ = {isa = PBXBuildFile; fileRef = 8141F5BF2430908500F9B061 /* WordsMeaningView.swift */; };
		8141F5C22430945500F9B061 /* NetworkLayer.swift in Sources */ = {isa = PBXBuildFile; fileRef = 8141F5C12430945500F9B061 /* NetworkLayer.swift */; };
		816D1DC22430C4E7001CADD2 /* RandomAccessCollectionExtsionsTestRandomAccessCollectionExtsionsTest.swift in Sources */ = {isa = PBXBuildFile; fileRef = 816D1DC12430C4E7001CADD2 /* RandomAccessCollectionExtsionsTestRandomAccessCollectionExtsionsTest.swift */; };
		81B498BD24306125001076EE /* AppDelegate.swift in Sources */ = {isa = PBXBuildFile; fileRef = 81B498BC24306125001076EE /* AppDelegate.swift */; };
		81B498BF24306125001076EE /* SceneDelegate.swift in Sources */ = {isa = PBXBuildFile; fileRef = 81B498BE24306125001076EE /* SceneDelegate.swift */; };
		81B498C124306125001076EE /* SearchWordsView.swift in Sources */ = {isa = PBXBuildFile; fileRef = 81B498C024306125001076EE /* SearchWordsView.swift */; };
		81B498C324306126001076EE /* Assets.xcassets in Resources */ = {isa = PBXBuildFile; fileRef = 81B498C224306126001076EE /* Assets.xcassets */; };
		81B498C624306126001076EE /* Preview Assets.xcassets in Resources */ = {isa = PBXBuildFile; fileRef = 81B498C524306126001076EE /* Preview Assets.xcassets */; };
		81B498C924306126001076EE /* LaunchScreen.storyboard in Resources */ = {isa = PBXBuildFile; fileRef = 81B498C724306126001076EE /* LaunchScreen.storyboard */; };
/* End PBXBuildFile section */

/* Begin PBXContainerItemProxy section */
		816D1DC42430C4E7001CADD2 /* PBXContainerItemProxy */ = {
			isa = PBXContainerItemProxy;
			containerPortal = 81B498B124306125001076EE /* Project object */;
			proxyType = 1;
			remoteGlobalIDString = 81B498B824306125001076EE;
			remoteInfo = Translator;
		};
/* End PBXContainerItemProxy section */

/* Begin PBXFileReference section */
		81105C402430A94B001D671A /* WordsMeaningViewModel.swift */ = {isa = PBXFileReference; lastKnownFileType = sourcecode.swift; path = WordsMeaningViewModel.swift; sourceTree = "<group>"; };
		8141F598243062EF00F9B061 /* IdentifiableExtensions.swift */ = {isa = PBXFileReference; lastKnownFileType = sourcecode.swift; path = IdentifiableExtensions.swift; sourceTree = "<group>"; };
		8141F59B2430631A00F9B061 /* SearchBarView.swift */ = {isa = PBXFileReference; lastKnownFileType = sourcecode.swift; path = SearchBarView.swift; sourceTree = "<group>"; };
		8141F59E243063E800F9B061 /* PosibleTranslation.swift */ = {isa = PBXFileReference; lastKnownFileType = sourcecode.swift; path = PosibleTranslation.swift; sourceTree = "<group>"; };
		8141F5A02430641300F9B061 /* Meaning.swift */ = {isa = PBXFileReference; lastKnownFileType = sourcecode.swift; path = Meaning.swift; sourceTree = "<group>"; };
		8141F5A22430642200F9B061 /* MeaningTranslation.swift */ = {isa = PBXFileReference; lastKnownFileType = sourcecode.swift; path = MeaningTranslation.swift; sourceTree = "<group>"; };
		8141F5A82430661E00F9B061 /* NetworkError.swift */ = {isa = PBXFileReference; lastKnownFileType = sourcecode.swift; path = NetworkError.swift; sourceTree = "<group>"; };
		8141F5AA243079FD00F9B061 /* SearchWordsViewModel.swift */ = {isa = PBXFileReference; lastKnownFileType = sourcecode.swift; path = SearchWordsViewModel.swift; sourceTree = "<group>"; };
		8141F5AF24307EA800F9B061 /* JSONEncodable.swift */ = {isa = PBXFileReference; lastKnownFileType = sourcecode.swift; path = JSONEncodable.swift; sourceTree = "<group>"; };
		8141F5B124307F8D00F9B061 /* SkyengAPI.swift */ = {isa = PBXFileReference; lastKnownFileType = sourcecode.swift; path = SkyengAPI.swift; sourceTree = "<group>"; };
		8141F5B32430873200F9B061 /* ActivitiyIndicator.swift */ = {isa = PBXFileReference; lastKnownFileType = sourcecode.swift; path = ActivitiyIndicator.swift; sourceTree = "<group>"; };
		8141F5B52430874C00F9B061 /* ImageView.swift */ = {isa = PBXFileReference; lastKnownFileType = sourcecode.swift; path = ImageView.swift; sourceTree = "<group>"; };
		8141F5B72430879000F9B061 /* LazyView.swift */ = {isa = PBXFileReference; lastKnownFileType = sourcecode.swift; path = LazyView.swift; sourceTree = "<group>"; };
		8141F5BA2430886C00F9B061 /* SearchWordsCell.swift */ = {isa = PBXFileReference; lastKnownFileType = sourcecode.swift; path = SearchWordsCell.swift; sourceTree = "<group>"; };
		8141F5BC24308AB700F9B061 /* RandomAccessCollectionExtsions.swift */ = {isa = PBXFileReference; lastKnownFileType = sourcecode.swift; path = RandomAccessCollectionExtsions.swift; sourceTree = "<group>"; };
		8141F5BF2430908500F9B061 /* WordsMeaningView.swift */ = {isa = PBXFileReference; lastKnownFileType = sourcecode.swift; path = WordsMeaningView.swift; sourceTree = "<group>"; };
		8141F5C12430945500F9B061 /* NetworkLayer.swift */ = {isa = PBXFileReference; lastKnownFileType = sourcecode.swift; path = NetworkLayer.swift; sourceTree = "<group>"; };
		816D1DBF2430C4E7001CADD2 /* TranslatorAppTests.xctest */ = {isa = PBXFileReference; explicitFileType = wrapper.cfbundle; includeInIndex = 0; path = TranslatorAppTests.xctest; sourceTree = BUILT_PRODUCTS_DIR; };
		816D1DC12430C4E7001CADD2 /* RandomAccessCollectionExtsionsTestRandomAccessCollectionExtsionsTest.swift */ = {isa = PBXFileReference; lastKnownFileType = sourcecode.swift; path = RandomAccessCollectionExtsionsTestRandomAccessCollectionExtsionsTest.swift; sourceTree = "<group>"; };
		816D1DC32430C4E7001CADD2 /* Info.plist */ = {isa = PBXFileReference; lastKnownFileType = text.plist.xml; path = Info.plist; sourceTree = "<group>"; };
		81B498B924306125001076EE /* Translator.app */ = {isa = PBXFileReference; explicitFileType = wrapper.application; includeInIndex = 0; path = Translator.app; sourceTree = BUILT_PRODUCTS_DIR; };
		81B498BC24306125001076EE /* AppDelegate.swift */ = {isa = PBXFileReference; lastKnownFileType = sourcecode.swift; path = AppDelegate.swift; sourceTree = "<group>"; };
		81B498BE24306125001076EE /* SceneDelegate.swift */ = {isa = PBXFileReference; lastKnownFileType = sourcecode.swift; path = SceneDelegate.swift; sourceTree = "<group>"; };
		81B498C024306125001076EE /* SearchWordsView.swift */ = {isa = PBXFileReference; lastKnownFileType = sourcecode.swift; path = SearchWordsView.swift; sourceTree = "<group>"; };
		81B498C224306126001076EE /* Assets.xcassets */ = {isa = PBXFileReference; lastKnownFileType = folder.assetcatalog; path = Assets.xcassets; sourceTree = "<group>"; };
		81B498C524306126001076EE /* Preview Assets.xcassets */ = {isa = PBXFileReference; lastKnownFileType = folder.assetcatalog; path = "Preview Assets.xcassets"; sourceTree = "<group>"; };
		81B498C824306126001076EE /* Base */ = {isa = PBXFileReference; lastKnownFileType = file.storyboard; name = Base; path = Base.lproj/LaunchScreen.storyboard; sourceTree = "<group>"; };
		81B498CA24306126001076EE /* Info.plist */ = {isa = PBXFileReference; lastKnownFileType = text.plist.xml; path = Info.plist; sourceTree = "<group>"; };
/* End PBXFileReference section */

/* Begin PBXFrameworksBuildPhase section */
		816D1DBC2430C4E7001CADD2 /* Frameworks */ = {
			isa = PBXFrameworksBuildPhase;
			buildActionMask = 2147483647;
			files = (
			);
			runOnlyForDeploymentPostprocessing = 0;
		};
		81B498B624306125001076EE /* Frameworks */ = {
			isa = PBXFrameworksBuildPhase;
			buildActionMask = 2147483647;
			files = (
			);
			runOnlyForDeploymentPostprocessing = 0;
		};
/* End PBXFrameworksBuildPhase section */

/* Begin PBXGroup section */
		8141F5962430626F00F9B061 /* Sceness */ = {
			isa = PBXGroup;
			children = (
				8141F5B92430884000F9B061 /* SearchWords */,
				8141F5BE2430905000F9B061 /* WordMeaning */,
			);
			path = Sceness;
			sourceTree = "<group>";
		};
		8141F597243062BB00F9B061 /* Extensions */ = {
			isa = PBXGroup;
			children = (
				8141F598243062EF00F9B061 /* IdentifiableExtensions.swift */,
				8141F5AF24307EA800F9B061 /* JSONEncodable.swift */,
				8141F5BC24308AB700F9B061 /* RandomAccessCollectionExtsions.swift */,
			);
			path = Extensions;
			sourceTree = "<group>";
		};
		8141F59A2430630D00F9B061 /* ViewsComponents */ = {
			isa = PBXGroup;
			children = (
				8141F59B2430631A00F9B061 /* SearchBarView.swift */,
				8141F5B32430873200F9B061 /* ActivitiyIndicator.swift */,
				8141F5B52430874C00F9B061 /* ImageView.swift */,
				8141F5B72430879000F9B061 /* LazyView.swift */,
			);
			path = ViewsComponents;
			sourceTree = "<group>";
		};
		8141F59D2430638800F9B061 /* Models */ = {
			isa = PBXGroup;
			children = (
				8141F59E243063E800F9B061 /* PosibleTranslation.swift */,
				8141F5A02430641300F9B061 /* Meaning.swift */,
				8141F5A22430642200F9B061 /* MeaningTranslation.swift */,
			);
			path = Models;
			sourceTree = "<group>";
		};
		8141F5A42430651700F9B061 /* Network */ = {
			isa = PBXGroup;
			children = (
				8141F5B124307F8D00F9B061 /* SkyengAPI.swift */,
				8141F5A82430661E00F9B061 /* NetworkError.swift */,
				8141F5C12430945500F9B061 /* NetworkLayer.swift */,
			);
			path = Network;
			sourceTree = "<group>";
		};
		8141F5B92430884000F9B061 /* SearchWords */ = {
			isa = PBXGroup;
			children = (
				8141F5BA2430886C00F9B061 /* SearchWordsCell.swift */,
				81B498C024306125001076EE /* SearchWordsView.swift */,
				8141F5AA243079FD00F9B061 /* SearchWordsViewModel.swift */,
			);
			path = SearchWords;
			sourceTree = "<group>";
		};
		8141F5BE2430905000F9B061 /* WordMeaning */ = {
			isa = PBXGroup;
			children = (
				8141F5BF2430908500F9B061 /* WordsMeaningView.swift */,
				81105C402430A94B001D671A /* WordsMeaningViewModel.swift */,
			);
			path = WordMeaning;
			sourceTree = "<group>";
		};
		816D1DC02430C4E7001CADD2 /* TranslatorAppTests */ = {
			isa = PBXGroup;
			children = (
				816D1DC12430C4E7001CADD2 /* RandomAccessCollectionExtsionsTestRandomAccessCollectionExtsionsTest.swift */,
				816D1DC32430C4E7001CADD2 /* Info.plist */,
			);
			path = TranslatorAppTests;
			sourceTree = "<group>";
		};
		81B498B024306125001076EE = {
			isa = PBXGroup;
			children = (
				81B498BB24306125001076EE /* Translator */,
				816D1DC02430C4E7001CADD2 /* TranslatorAppTests */,
				81B498BA24306125001076EE /* Products */,
			);
			sourceTree = "<group>";
		};
		81B498BA24306125001076EE /* Products */ = {
			isa = PBXGroup;
			children = (
				81B498B924306125001076EE /* Translator.app */,
				816D1DBF2430C4E7001CADD2 /* TranslatorAppTests.xctest */,
			);
			name = Products;
			sourceTree = "<group>";
		};
		81B498BB24306125001076EE /* Translator */ = {
			isa = PBXGroup;
			children = (
				81B498DE24306136001076EE /* SupportingFiles */,
				8141F59D2430638800F9B061 /* Models */,
				8141F5962430626F00F9B061 /* Sceness */,
				8141F59A2430630D00F9B061 /* ViewsComponents */,
				8141F597243062BB00F9B061 /* Extensions */,
				8141F5A42430651700F9B061 /* Network */,
				81B498C424306126001076EE /* Preview Content */,
			);
			path = Translator;
			sourceTree = "<group>";
		};
		81B498C424306126001076EE /* Preview Content */ = {
			isa = PBXGroup;
			children = (
				81B498C524306126001076EE /* Preview Assets.xcassets */,
			);
			path = "Preview Content";
			sourceTree = "<group>";
		};
		81B498DE24306136001076EE /* SupportingFiles */ = {
			isa = PBXGroup;
			children = (
				81B498BC24306125001076EE /* AppDelegate.swift */,
				81B498BE24306125001076EE /* SceneDelegate.swift */,
				81B498C224306126001076EE /* Assets.xcassets */,
				81B498C724306126001076EE /* LaunchScreen.storyboard */,
				81B498CA24306126001076EE /* Info.plist */,
			);
			path = SupportingFiles;
			sourceTree = "<group>";
		};
/* End PBXGroup section */

/* Begin PBXNativeTarget section */
		816D1DBE2430C4E7001CADD2 /* TranslatorAppTests */ = {
			isa = PBXNativeTarget;
			buildConfigurationList = 816D1DC62430C4E7001CADD2 /* Build configuration list for PBXNativeTarget "TranslatorAppTests" */;
			buildPhases = (
				816D1DBB2430C4E7001CADD2 /* Sources */,
				816D1DBC2430C4E7001CADD2 /* Frameworks */,
				816D1DBD2430C4E7001CADD2 /* Resources */,
			);
			buildRules = (
			);
			dependencies = (
				816D1DC52430C4E7001CADD2 /* PBXTargetDependency */,
			);
			name = TranslatorAppTests;
			productName = TranslatorAppTests;
			productReference = 816D1DBF2430C4E7001CADD2 /* TranslatorAppTests.xctest */;
			productType = "com.apple.product-type.bundle.unit-test";
		};
		81B498B824306125001076EE /* Translator */ = {
			isa = PBXNativeTarget;
			buildConfigurationList = 81B498D824306126001076EE /* Build configuration list for PBXNativeTarget "Translator" */;
			buildPhases = (
				81B498B524306125001076EE /* Sources */,
				81B498B624306125001076EE /* Frameworks */,
				81B498B724306125001076EE /* Resources */,
			);
			buildRules = (
			);
			dependencies = (
			);
			name = Translator;
			productName = Translator;
			productReference = 81B498B924306125001076EE /* Translator.app */;
			productType = "com.apple.product-type.application";
		};
/* End PBXNativeTarget section */

/* Begin PBXProject section */
		81B498B124306125001076EE /* Project object */ = {
			isa = PBXProject;
			attributes = {
				LastSwiftUpdateCheck = 1140;
				LastUpgradeCheck = 1140;
				ORGANIZATIONNAME = "Alexey Buzov";
				TargetAttributes = {
					816D1DBE2430C4E7001CADD2 = {
						CreatedOnToolsVersion = 11.4;
						TestTargetID = 81B498B824306125001076EE;
					};
					81B498B824306125001076EE = {
						CreatedOnToolsVersion = 11.4;
					};
				};
			};
			buildConfigurationList = 81B498B424306125001076EE /* Build configuration list for PBXProject "Translator" */;
			compatibilityVersion = "Xcode 9.3";
			developmentRegion = en;
			hasScannedForEncodings = 0;
			knownRegions = (
				en,
				Base,
			);
			mainGroup = 81B498B024306125001076EE;
			productRefGroup = 81B498BA24306125001076EE /* Products */;
			projectDirPath = "";
			projectRoot = "";
			targets = (
				81B498B824306125001076EE /* Translator */,
				816D1DBE2430C4E7001CADD2 /* TranslatorAppTests */,
			);
		};
/* End PBXProject section */

/* Begin PBXResourcesBuildPhase section */
		816D1DBD2430C4E7001CADD2 /* Resources */ = {
			isa = PBXResourcesBuildPhase;
			buildActionMask = 2147483647;
			files = (
			);
			runOnlyForDeploymentPostprocessing = 0;
		};
		81B498B724306125001076EE /* Resources */ = {
			isa = PBXResourcesBuildPhase;
			buildActionMask = 2147483647;
			files = (
				81B498C924306126001076EE /* LaunchScreen.storyboard in Resources */,
				81B498C624306126001076EE /* Preview Assets.xcassets in Resources */,
				81B498C324306126001076EE /* Assets.xcassets in Resources */,
			);
			runOnlyForDeploymentPostprocessing = 0;
		};
/* End PBXResourcesBuildPhase section */

/* Begin PBXSourcesBuildPhase section */
		816D1DBB2430C4E7001CADD2 /* Sources */ = {
			isa = PBXSourcesBuildPhase;
			buildActionMask = 2147483647;
			files = (
				816D1DC22430C4E7001CADD2 /* RandomAccessCollectionExtsionsTestRandomAccessCollectionExtsionsTest.swift in Sources */,
			);
			runOnlyForDeploymentPostprocessing = 0;
		};
		81B498B524306125001076EE /* Sources */ = {
			isa = PBXSourcesBuildPhase;
			buildActionMask = 2147483647;
			files = (
				81105C412430A94B001D671A /* WordsMeaningViewModel.swift in Sources */,
				8141F5B62430874C00F9B061 /* ImageView.swift in Sources */,
				8141F59C2430631A00F9B061 /* SearchBarView.swift in Sources */,
				8141F5C22430945500F9B061 /* NetworkLayer.swift in Sources */,
				8141F5B224307F8D00F9B061 /* SkyengAPI.swift in Sources */,
				8141F5B82430879000F9B061 /* LazyView.swift in Sources */,
				8141F5A32430642200F9B061 /* MeaningTranslation.swift in Sources */,
				81B498BD24306125001076EE /* AppDelegate.swift in Sources */,
				8141F5BD24308AB700F9B061 /* RandomAccessCollectionExtsions.swift in Sources */,
				8141F5C02430908500F9B061 /* WordsMeaningView.swift in Sources */,
				8141F59F243063E800F9B061 /* PosibleTranslation.swift in Sources */,
				8141F5B024307EA800F9B061 /* JSONEncodable.swift in Sources */,
				81B498BF24306125001076EE /* SceneDelegate.swift in Sources */,
				81B498C124306125001076EE /* SearchWordsView.swift in Sources */,
				8141F5B42430873200F9B061 /* ActivitiyIndicator.swift in Sources */,
				8141F5A12430641300F9B061 /* Meaning.swift in Sources */,
				8141F599243062EF00F9B061 /* IdentifiableExtensions.swift in Sources */,
				8141F5A92430661E00F9B061 /* NetworkError.swift in Sources */,
				8141F5BB2430886C00F9B061 /* SearchWordsCell.swift in Sources */,
				8141F5AB243079FD00F9B061 /* SearchWordsViewModel.swift in Sources */,
			);
			runOnlyForDeploymentPostprocessing = 0;
		};
/* End PBXSourcesBuildPhase section */

/* Begin PBXTargetDependency section */
		816D1DC52430C4E7001CADD2 /* PBXTargetDependency */ = {
			isa = PBXTargetDependency;
			target = 81B498B824306125001076EE /* Translator */;
			targetProxy = 816D1DC42430C4E7001CADD2 /* PBXContainerItemProxy */;
		};
/* End PBXTargetDependency section */

/* Begin PBXVariantGroup section */
		81B498C724306126001076EE /* LaunchScreen.storyboard */ = {
			isa = PBXVariantGroup;
			children = (
				81B498C824306126001076EE /* Base */,
			);
			name = LaunchScreen.storyboard;
			sourceTree = "<group>";
		};
/* End PBXVariantGroup section */

/* Begin XCBuildConfiguration section */
		816D1DC72430C4E7001CADD2 /* Debug */ = {
			isa = XCBuildConfiguration;
			buildSettings = {
				BUNDLE_LOADER = "$(TEST_HOST)";
				CODE_SIGN_STYLE = Automatic;
				DEVELOPMENT_TEAM = A53QZ5K7ZS;
				INFOPLIST_FILE = TranslatorAppTests/Info.plist;
				LD_RUNPATH_SEARCH_PATHS = (
					"$(inherited)",
					"@executable_path/Frameworks",
					"@loader_path/Frameworks",
				);
				PRODUCT_BUNDLE_IDENTIFIER = "Alexey-Buzov.TranslatorAppTests";
				PRODUCT_NAME = "$(TARGET_NAME)";
				SWIFT_VERSION = 5.0;
				TARGETED_DEVICE_FAMILY = "1,2";
				TEST_HOST = "$(BUILT_PRODUCTS_DIR)/Translator.app/Translator";
			};
			name = Debug;
		};
		816D1DC82430C4E7001CADD2 /* Release */ = {
			isa = XCBuildConfiguration;
			buildSettings = {
				BUNDLE_LOADER = "$(TEST_HOST)";
				CODE_SIGN_STYLE = Automatic;
				DEVELOPMENT_TEAM = A53QZ5K7ZS;
				INFOPLIST_FILE = TranslatorAppTests/Info.plist;
				LD_RUNPATH_SEARCH_PATHS = (
					"$(inherited)",
					"@executable_path/Frameworks",
					"@loader_path/Frameworks",
				);
				PRODUCT_BUNDLE_IDENTIFIER = "Alexey-Buzov.TranslatorAppTests";
				PRODUCT_NAME = "$(TARGET_NAME)";
				SWIFT_VERSION = 5.0;
				TARGETED_DEVICE_FAMILY = "1,2";
				TEST_HOST = "$(BUILT_PRODUCTS_DIR)/Translator.app/Translator";
			};
			name = Release;
		};
		81B498D624306126001076EE /* Debug */ = {
			isa = XCBuildConfiguration;
			buildSettings = {
				ALWAYS_SEARCH_USER_PATHS = NO;
				CLANG_ANALYZER_NONNULL = YES;
				CLANG_ANALYZER_NUMBER_OBJECT_CONVERSION = YES_AGGRESSIVE;
				CLANG_CXX_LANGUAGE_STANDARD = "gnu++14";
				CLANG_CXX_LIBRARY = "libc++";
				CLANG_ENABLE_MODULES = YES;
				CLANG_ENABLE_OBJC_ARC = YES;
				CLANG_ENABLE_OBJC_WEAK = YES;
				CLANG_WARN_BLOCK_CAPTURE_AUTORELEASING = YES;
				CLANG_WARN_BOOL_CONVERSION = YES;
				CLANG_WARN_COMMA = YES;
				CLANG_WARN_CONSTANT_CONVERSION = YES;
				CLANG_WARN_DEPRECATED_OBJC_IMPLEMENTATIONS = YES;
				CLANG_WARN_DIRECT_OBJC_ISA_USAGE = YES_ERROR;
				CLANG_WARN_DOCUMENTATION_COMMENTS = YES;
				CLANG_WARN_EMPTY_BODY = YES;
				CLANG_WARN_ENUM_CONVERSION = YES;
				CLANG_WARN_INFINITE_RECURSION = YES;
				CLANG_WARN_INT_CONVERSION = YES;
				CLANG_WARN_NON_LITERAL_NULL_CONVERSION = YES;
				CLANG_WARN_OBJC_IMPLICIT_RETAIN_SELF = YES;
				CLANG_WARN_OBJC_LITERAL_CONVERSION = YES;
				CLANG_WARN_OBJC_ROOT_CLASS = YES_ERROR;
				CLANG_WARN_RANGE_LOOP_ANALYSIS = YES;
				CLANG_WARN_STRICT_PROTOTYPES = YES;
				CLANG_WARN_SUSPICIOUS_MOVE = YES;
				CLANG_WARN_UNGUARDED_AVAILABILITY = YES_AGGRESSIVE;
				CLANG_WARN_UNREACHABLE_CODE = YES;
				CLANG_WARN__DUPLICATE_METHOD_MATCH = YES;
				COPY_PHASE_STRIP = NO;
				DEBUG_INFORMATION_FORMAT = dwarf;
				ENABLE_STRICT_OBJC_MSGSEND = YES;
				ENABLE_TESTABILITY = YES;
				GCC_C_LANGUAGE_STANDARD = gnu11;
				GCC_DYNAMIC_NO_PIC = NO;
				GCC_NO_COMMON_BLOCKS = YES;
				GCC_OPTIMIZATION_LEVEL = 0;
				GCC_PREPROCESSOR_DEFINITIONS = (
					"DEBUG=1",
					"$(inherited)",
				);
				GCC_WARN_64_TO_32_BIT_CONVERSION = YES;
				GCC_WARN_ABOUT_RETURN_TYPE = YES_ERROR;
				GCC_WARN_UNDECLARED_SELECTOR = YES;
				GCC_WARN_UNINITIALIZED_AUTOS = YES_AGGRESSIVE;
				GCC_WARN_UNUSED_FUNCTION = YES;
				GCC_WARN_UNUSED_VARIABLE = YES;
				IPHONEOS_DEPLOYMENT_TARGET = 13.4;
				MTL_ENABLE_DEBUG_INFO = INCLUDE_SOURCE;
				MTL_FAST_MATH = YES;
				ONLY_ACTIVE_ARCH = YES;
				SDKROOT = iphoneos;
				SWIFT_ACTIVE_COMPILATION_CONDITIONS = DEBUG;
				SWIFT_OPTIMIZATION_LEVEL = "-Onone";
			};
			name = Debug;
		};
		81B498D724306126001076EE /* Release */ = {
			isa = XCBuildConfiguration;
			buildSettings = {
				ALWAYS_SEARCH_USER_PATHS = NO;
				CLANG_ANALYZER_NONNULL = YES;
				CLANG_ANALYZER_NUMBER_OBJECT_CONVERSION = YES_AGGRESSIVE;
				CLANG_CXX_LANGUAGE_STANDARD = "gnu++14";
				CLANG_CXX_LIBRARY = "libc++";
				CLANG_ENABLE_MODULES = YES;
				CLANG_ENABLE_OBJC_ARC = YES;
				CLANG_ENABLE_OBJC_WEAK = YES;
				CLANG_WARN_BLOCK_CAPTURE_AUTORELEASING = YES;
				CLANG_WARN_BOOL_CONVERSION = YES;
				CLANG_WARN_COMMA = YES;
				CLANG_WARN_CONSTANT_CONVERSION = YES;
				CLANG_WARN_DEPRECATED_OBJC_IMPLEMENTATIONS = YES;
				CLANG_WARN_DIRECT_OBJC_ISA_USAGE = YES_ERROR;
				CLANG_WARN_DOCUMENTATION_COMMENTS = YES;
				CLANG_WARN_EMPTY_BODY = YES;
				CLANG_WARN_ENUM_CONVERSION = YES;
				CLANG_WARN_INFINITE_RECURSION = YES;
				CLANG_WARN_INT_CONVERSION = YES;
				CLANG_WARN_NON_LITERAL_NULL_CONVERSION = YES;
				CLANG_WARN_OBJC_IMPLICIT_RETAIN_SELF = YES;
				CLANG_WARN_OBJC_LITERAL_CONVERSION = YES;
				CLANG_WARN_OBJC_ROOT_CLASS = YES_ERROR;
				CLANG_WARN_RANGE_LOOP_ANALYSIS = YES;
				CLANG_WARN_STRICT_PROTOTYPES = YES;
				CLANG_WARN_SUSPICIOUS_MOVE = YES;
				CLANG_WARN_UNGUARDED_AVAILABILITY = YES_AGGRESSIVE;
				CLANG_WARN_UNREACHABLE_CODE = YES;
				CLANG_WARN__DUPLICATE_METHOD_MATCH = YES;
				COPY_PHASE_STRIP = NO;
				DEBUG_INFORMATION_FORMAT = "dwarf-with-dsym";
				ENABLE_NS_ASSERTIONS = NO;
				ENABLE_STRICT_OBJC_MSGSEND = YES;
				GCC_C_LANGUAGE_STANDARD = gnu11;
				GCC_NO_COMMON_BLOCKS = YES;
				GCC_WARN_64_TO_32_BIT_CONVERSION = YES;
				GCC_WARN_ABOUT_RETURN_TYPE = YES_ERROR;
				GCC_WARN_UNDECLARED_SELECTOR = YES;
				GCC_WARN_UNINITIALIZED_AUTOS = YES_AGGRESSIVE;
				GCC_WARN_UNUSED_FUNCTION = YES;
				GCC_WARN_UNUSED_VARIABLE = YES;
				IPHONEOS_DEPLOYMENT_TARGET = 13.4;
				MTL_ENABLE_DEBUG_INFO = NO;
				MTL_FAST_MATH = YES;
				SDKROOT = iphoneos;
				SWIFT_COMPILATION_MODE = wholemodule;
				SWIFT_OPTIMIZATION_LEVEL = "-O";
				VALIDATE_PRODUCT = YES;
			};
			name = Release;
		};
		81B498D924306126001076EE /* Debug */ = {
			isa = XCBuildConfiguration;
			buildSettings = {
				ASSETCATALOG_COMPILER_APPICON_NAME = AppIcon;
				CODE_SIGN_STYLE = Automatic;
				DEVELOPMENT_ASSET_PATHS = "\"Translator/Preview Content\"";
				DEVELOPMENT_TEAM = A53QZ5K7ZS;
				ENABLE_PREVIEWS = YES;
				INFOPLIST_FILE = "$(SRCROOT)/Translator/SupportingFiles/Info.plist";
				LD_RUNPATH_SEARCH_PATHS = (
					"$(inherited)",
					"@executable_path/Frameworks",
				);
				PRODUCT_BUNDLE_IDENTIFIER = "Alexey-Buzov.Translator";
				PRODUCT_NAME = "$(TARGET_NAME)";
				SWIFT_VERSION = 5.0;
				TARGETED_DEVICE_FAMILY = "1,2";
			};
			name = Debug;
		};
		81B498DA24306126001076EE /* Release */ = {
			isa = XCBuildConfiguration;
			buildSettings = {
				ASSETCATALOG_COMPILER_APPICON_NAME = AppIcon;
				CODE_SIGN_STYLE = Automatic;
				DEVELOPMENT_ASSET_PATHS = "\"Translator/Preview Content\"";
				DEVELOPMENT_TEAM = A53QZ5K7ZS;
				ENABLE_PREVIEWS = YES;
				INFOPLIST_FILE = "$(SRCROOT)/Translator/SupportingFiles/Info.plist";
				LD_RUNPATH_SEARCH_PATHS = (
					"$(inherited)",
					"@executable_path/Frameworks",
				);
				PRODUCT_BUNDLE_IDENTIFIER = "Alexey-Buzov.Translator";
				PRODUCT_NAME = "$(TARGET_NAME)";
				SWIFT_VERSION = 5.0;
				TARGETED_DEVICE_FAMILY = "1,2";
			};
			name = Release;
		};
/* End XCBuildConfiguration section */

/* Begin XCConfigurationList section */
		816D1DC62430C4E7001CADD2 /* Build configuration list for PBXNativeTarget "TranslatorAppTests" */ = {
			isa = XCConfigurationList;
			buildConfigurations = (
				816D1DC72430C4E7001CADD2 /* Debug */,
				816D1DC82430C4E7001CADD2 /* Release */,
			);
			defaultConfigurationIsVisible = 0;
			defaultConfigurationName = Release;
		};
		81B498B424306125001076EE /* Build configuration list for PBXProject "Translator" */ = {
			isa = XCConfigurationList;
			buildConfigurations = (
				81B498D624306126001076EE /* Debug */,
				81B498D724306126001076EE /* Release */,
			);
			defaultConfigurationIsVisible = 0;
			defaultConfigurationName = Release;
		};
		81B498D824306126001076EE /* Build configuration list for PBXNativeTarget "Translator" */ = {
			isa = XCConfigurationList;
			buildConfigurations = (
				81B498D924306126001076EE /* Debug */,
				81B498DA24306126001076EE /* Release */,
			);
			defaultConfigurationIsVisible = 0;
			defaultConfigurationName = Release;
		};
/* End XCConfigurationList section */
	};
	rootObject = 81B498B124306125001076EE /* Project object */;
}
